# This file is automatically @generated by Cargo.
# It is not intended for manual editing.
version = 3

[[package]]
name = "AdventOfCode2023"
version = "0.1.0"
dependencies = [
 "readfile-custom",
]

[[package]]
name = "readfile-custom"
version = "0.1.0"
source = "registry+https://github.com/rust-lang/crates.io-index"
checksum = "536df85c42c32a1588af9b5a1a3cecd78927212bef5bd51657cee9b4e43fbc3f"
